// !$*UTF8*$!
{
	archiveVersion = 1;
	classes = {
	};
	objectVersion = 48;
	objects = {

/* Begin PBXBuildFile section */
		964B93DA6A212497FF670513 /* Pods_AdExample.framework in Frameworks */ = {isa = PBXBuildFile; fileRef = FAD9C1335027641B4CBAF0A3 /* Pods_AdExample.framework */; };
		D6EC7C9520188A200076291A /* AppDelegate.swift in Sources */ = {isa = PBXBuildFile; fileRef = D6EC7C9420188A200076291A /* AppDelegate.swift */; };
		D6EC7C9720188A200076291A /* ViewController.swift in Sources */ = {isa = PBXBuildFile; fileRef = D6EC7C9620188A200076291A /* ViewController.swift */; };
		D6EC7C9A20188A200076291A /* Main.storyboard in Resources */ = {isa = PBXBuildFile; fileRef = D6EC7C9820188A200076291A /* Main.storyboard */; };
		D6EC7C9C20188A200076291A /* Assets.xcassets in Resources */ = {isa = PBXBuildFile; fileRef = D6EC7C9B20188A200076291A /* Assets.xcassets */; };
		D6EC7C9F20188A200076291A /* LaunchScreen.storyboard in Resources */ = {isa = PBXBuildFile; fileRef = D6EC7C9D20188A200076291A /* LaunchScreen.storyboard */; };
/* End PBXBuildFile section */

/* Begin PBXFileReference section */
		1376CE67659A799DB569F175 /* Pods-AdExample.release.xcconfig */ = {isa = PBXFileReference; includeInIndex = 1; lastKnownFileType = text.xcconfig; name = "Pods-AdExample.release.xcconfig"; path = "Pods/Target Support Files/Pods-AdExample/Pods-AdExample.release.xcconfig"; sourceTree = "<group>"; };
		B61700AA7E6D202CF4F1FD0A /* Pods-AdExample.debug.xcconfig */ = {isa = PBXFileReference; includeInIndex = 1; lastKnownFileType = text.xcconfig; name = "Pods-AdExample.debug.xcconfig"; path = "Pods/Target Support Files/Pods-AdExample/Pods-AdExample.debug.xcconfig"; sourceTree = "<group>"; };
		D6EC7C9120188A200076291A /* AdExample.app */ = {isa = PBXFileReference; explicitFileType = wrapper.application; includeInIndex = 0; path = AdExample.app; sourceTree = BUILT_PRODUCTS_DIR; };
		D6EC7C9420188A200076291A /* AppDelegate.swift */ = {isa = PBXFileReference; lastKnownFileType = sourcecode.swift; path = AppDelegate.swift; sourceTree = "<group>"; };
		D6EC7C9620188A200076291A /* ViewController.swift */ = {isa = PBXFileReference; lastKnownFileType = sourcecode.swift; path = ViewController.swift; sourceTree = "<group>"; };
		D6EC7C9920188A200076291A /* Base */ = {isa = PBXFileReference; lastKnownFileType = file.storyboard; name = Base; path = Base.lproj/Main.storyboard; sourceTree = "<group>"; };
		D6EC7C9B20188A200076291A /* Assets.xcassets */ = {isa = PBXFileReference; lastKnownFileType = folder.assetcatalog; path = Assets.xcassets; sourceTree = "<group>"; };
		D6EC7C9E20188A200076291A /* Base */ = {isa = PBXFileReference; lastKnownFileType = file.storyboard; name = Base; path = Base.lproj/LaunchScreen.storyboard; sourceTree = "<group>"; };
		D6EC7CA020188A200076291A /* Info.plist */ = {isa = PBXFileReference; lastKnownFileType = text.plist.xml; path = Info.plist; sourceTree = "<group>"; };
		FAD9C1335027641B4CBAF0A3 /* Pods_AdExample.framework */ = {isa = PBXFileReference; explicitFileType = wrapper.framework; includeInIndex = 0; path = Pods_AdExample.framework; sourceTree = BUILT_PRODUCTS_DIR; };
/* End PBXFileReference section */

/* Begin PBXFrameworksBuildPhase section */
		D6EC7C8E20188A200076291A /* Frameworks */ = {
			isa = PBXFrameworksBuildPhase;
			buildActionMask = 2147483647;
			files = (
				964B93DA6A212497FF670513 /* Pods_AdExample.framework in Frameworks */,
			);
			runOnlyForDeploymentPostprocessing = 0;
		};
/* End PBXFrameworksBuildPhase section */

/* Begin PBXGroup section */
		0F13CA92F4C9EED5342E16D9 /* Pods */ = {
			isa = PBXGroup;
			children = (
				B61700AA7E6D202CF4F1FD0A /* Pods-AdExample.debug.xcconfig */,
				1376CE67659A799DB569F175 /* Pods-AdExample.release.xcconfig */,
			);
			name = Pods;
			sourceTree = "<group>";
		};
		260117331C90013EE8F5DFBC /* Frameworks */ = {
			isa = PBXGroup;
			children = (
				FAD9C1335027641B4CBAF0A3 /* Pods_AdExample.framework */,
			);
			name = Frameworks;
			sourceTree = "<group>";
		};
		D6EC7C8820188A200076291A = {
			isa = PBXGroup;
			children = (
				D6EC7C9320188A200076291A /* AdExample */,
				D6EC7C9220188A200076291A /* Products */,
				0F13CA92F4C9EED5342E16D9 /* Pods */,
				260117331C90013EE8F5DFBC /* Frameworks */,
			);
			sourceTree = "<group>";
		};
		D6EC7C9220188A200076291A /* Products */ = {
			isa = PBXGroup;
			children = (
				D6EC7C9120188A200076291A /* AdExample.app */,
			);
			name = Products;
			sourceTree = "<group>";
		};
		D6EC7C9320188A200076291A /* AdExample */ = {
			isa = PBXGroup;
			children = (
				D6EC7C9420188A200076291A /* AppDelegate.swift */,
				D6EC7C9620188A200076291A /* ViewController.swift */,
				D6EC7C9820188A200076291A /* Main.storyboard */,
				D6EC7C9B20188A200076291A /* Assets.xcassets */,
				D6EC7C9D20188A200076291A /* LaunchScreen.storyboard */,
				D6EC7CA020188A200076291A /* Info.plist */,
			);
			path = AdExample;
			sourceTree = "<group>";
		};
/* End PBXGroup section */

/* Begin PBXNativeTarget section */
		D6EC7C9020188A200076291A /* AdExample */ = {
			isa = PBXNativeTarget;
			buildConfigurationList = D6EC7CA320188A200076291A /* Build configuration list for PBXNativeTarget "AdExample" */;
			buildPhases = (
				62B5D2BD76D803C6F03910FB /* [CP] Check Pods Manifest.lock */,
				D6EC7C8D20188A200076291A /* Sources */,
				D6EC7C8E20188A200076291A /* Frameworks */,
				D6EC7C8F20188A200076291A /* Resources */,
				44950AD76948B991178F10BA /* [CP] Embed Pods Frameworks */,
				CB0BCA13C878FDAE6B0CB099 /* [CP] Copy Pods Resources */,
			);
			buildRules = (
			);
			dependencies = (
			);
			name = AdExample;
			productName = AdExample;
			productReference = D6EC7C9120188A200076291A /* AdExample.app */;
			productType = "com.apple.product-type.application";
		};
/* End PBXNativeTarget section */

/* Begin PBXProject section */
		D6EC7C8920188A200076291A /* Project object */ = {
			isa = PBXProject;
			attributes = {
				LastSwiftUpdateCheck = 0920;
				LastUpgradeCheck = 0920;
				ORGANIZATIONNAME = MohammedElshwehy;
				TargetAttributes = {
					D6EC7C9020188A200076291A = {
						CreatedOnToolsVersion = 9.2;
						ProvisioningStyle = Automatic;
					};
				};
			};
			buildConfigurationList = D6EC7C8C20188A200076291A /* Build configuration list for PBXProject "AdExample" */;
			compatibilityVersion = "Xcode 8.0";
			developmentRegion = en;
			hasScannedForEncodings = 0;
			knownRegions = (
				en,
				Base,
			);
			mainGroup = D6EC7C8820188A200076291A;
			productRefGroup = D6EC7C9220188A200076291A /* Products */;
			projectDirPath = "";
			projectRoot = "";
			targets = (
				D6EC7C9020188A200076291A /* AdExample */,
			);
		};
/* End PBXProject section */

/* Begin PBXResourcesBuildPhase section */
		D6EC7C8F20188A200076291A /* Resources */ = {
			isa = PBXResourcesBuildPhase;
			buildActionMask = 2147483647;
			files = (
				D6EC7C9F20188A200076291A /* LaunchScreen.storyboard in Resources */,
				D6EC7C9C20188A200076291A /* Assets.xcassets in Resources */,
				D6EC7C9A20188A200076291A /* Main.storyboard in Resources */,
			);
			runOnlyForDeploymentPostprocessing = 0;
		};
/* End PBXResourcesBuildPhase section */

/* Begin PBXShellScriptBuildPhase section */
		44950AD76948B991178F10BA /* [CP] Embed Pods Frameworks */ = {
			isa = PBXShellScriptBuildPhase;
			buildActionMask = 2147483647;
			files = (
			);
			inputPaths = (
				"${SRCROOT}/Pods/Target Support Files/Pods-AdExample/Pods-AdExample-frameworks.sh",
				"${BUILT_PRODUCTS_DIR}/GoogleToolboxForMac/GoogleToolboxForMac.framework",
				"${BUILT_PRODUCTS_DIR}/nanopb/nanopb.framework",
			);
			name = "[CP] Embed Pods Frameworks";
			outputPaths = (
				"${TARGET_BUILD_DIR}/${FRAMEWORKS_FOLDER_PATH}/GoogleToolboxForMac.framework",
				"${TARGET_BUILD_DIR}/${FRAMEWORKS_FOLDER_PATH}/nanopb.framework",
			);
			runOnlyForDeploymentPostprocessing = 0;
			shellPath = /bin/sh;
			shellScript = "\"${SRCROOT}/Pods/Target Support Files/Pods-AdExample/Pods-AdExample-frameworks.sh\"\n";
			showEnvVarsInLog = 0;
		};
		62B5D2BD76D803C6F03910FB /* [CP] Check Pods Manifest.lock */ = {
			isa = PBXShellScriptBuildPhase;
			buildActionMask = 2147483647;
			files = (
			);
			inputPaths = (
				"${PODS_PODFILE_DIR_PATH}/Podfile.lock",
				"${PODS_ROOT}/Manifest.lock",
			);
			name = "[CP] Check Pods Manifest.lock";
			outputPaths = (
				"$(DERIVED_FILE_DIR)/Pods-AdExample-checkManifestLockResult.txt",
			);
			runOnlyForDeploymentPostprocessing = 0;
			shellPath = /bin/sh;
			shellScript = "diff \"${PODS_PODFILE_DIR_PATH}/Podfile.lock\" \"${PODS_ROOT}/Manifest.lock\" > /dev/null\nif [ $? != 0 ] ; then\n    # print error to STDERR\n    echo \"error: The sandbox is not in sync with the Podfile.lock. Run 'pod install' or update your CocoaPods installation.\" >&2\n    exit 1\nfi\n# This output is used by Xcode 'outputs' to avoid re-running this script phase.\necho \"SUCCESS\" > \"${SCRIPT_OUTPUT_FILE_0}\"\n";
			showEnvVarsInLog = 0;
		};
		CB0BCA13C878FDAE6B0CB099 /* [CP] Copy Pods Resources */ = {
			isa = PBXShellScriptBuildPhase;
			buildActionMask = 2147483647;
			files = (
			);
			inputPaths = (
			);
			name = "[CP] Copy Pods Resources";
			outputPaths = (
			);
			runOnlyForDeploymentPostprocessing = 0;
			shellPath = /bin/sh;
			shellScript = "\"${SRCROOT}/Pods/Target Support Files/Pods-AdExample/Pods-AdExample-resources.sh\"\n";
			showEnvVarsInLog = 0;
		};
/* End PBXShellScriptBuildPhase section */

/* Begin PBXSourcesBuildPhase section */
		D6EC7C8D20188A200076291A /* Sources */ = {
			isa = PBXSourcesBuildPhase;
			buildActionMask = 2147483647;
			files = (
				D6EC7C9720188A200076291A /* ViewController.swift in Sources */,
				D6EC7C9520188A200076291A /* AppDelegate.swift in Sources */,
			);
			runOnlyForDeploymentPostprocessing = 0;
		};
/* End PBXSourcesBuildPhase section */

/* Begin PBXVariantGroup section */
		D6EC7C9820188A200076291A /* Main.storyboard */ = {
			isa = PBXVariantGroup;
			children = (
				D6EC7C9920188A200076291A /* Base */,
			);
			name = Main.storyboard;
			sourceTree = "<group>";
		};
		D6EC7C9D20188A200076291A /* LaunchScreen.storyboard */ = {
			isa = PBXVariantGroup;
			children = (
				D6EC7C9E20188A200076291A /* Base */,
			);
			name = LaunchScreen.storyboard;
			sourceTree = "<group>";
		};
/* End PBXVariantGroup section */

/* Begin XCBuildConfiguration section */
		D6EC7CA120188A200076291A /* Debug */ = {
			isa = XCBuildConfiguration;
			buildSettings = {
				ALWAYS_SEARCH_USER_PATHS = NO;
				CLANG_ANALYZER_NONNULL = YES;
				CLANG_ANALYZER_NUMBER_OBJECT_CONVERSION = YES_AGGRESSIVE;
				CLANG_CXX_LANGUAGE_STANDARD = "gnu++14";
				CLANG_CXX_LIBRARY = "libc++";
				CLANG_ENABLE_MODULES = YES;
				CLANG_ENABLE_OBJC_ARC = YES;
				CLANG_WARN_BLOCK_CAPTURE_AUTORELEASING = YES;
				CLANG_WARN_BOOL_CONVERSION = YES;
				CLANG_WARN_COMMA = YES;
				CLANG_WARN_CONSTANT_CONVERSION = YES;
				CLANG_WARN_DIRECT_OBJC_ISA_USAGE = YES_ERROR;
				CLANG_WARN_DOCUMENTATION_COMMENTS = YES;
				CLANG_WARN_EMPTY_BODY = YES;
				CLANG_WARN_ENUM_CONVERSION = YES;
				CLANG_WARN_INFINITE_RECURSION = YES;
				CLANG_WARN_INT_CONVERSION = YES;
				CLANG_WARN_NON_LITERAL_NULL_CONVERSION = YES;
				CLANG_WARN_OBJC_LITERAL_CONVERSION = YES;
				CLANG_WARN_OBJC_ROOT_CLASS = YES_ERROR;
				CLANG_WARN_RANGE_LOOP_ANALYSIS = YES;
				CLANG_WARN_STRICT_PROTOTYPES = YES;
				CLANG_WARN_SUSPICIOUS_MOVE = YES;
				CLANG_WARN_UNGUARDED_AVAILABILITY = YES_AGGRESSIVE;
				CLANG_WARN_UNREACHABLE_CODE = YES;
				CLANG_WARN__DUPLICATE_METHOD_MATCH = YES;
				CODE_SIGN_IDENTITY = "iPhone Developer";
				COPY_PHASE_STRIP = NO;
				DEBUG_INFORMATION_FORMAT = dwarf;
				ENABLE_STRICT_OBJC_MSGSEND = YES;
				ENABLE_TESTABILITY = YES;
				GCC_C_LANGUAGE_STANDARD = gnu11;
				GCC_DYNAMIC_NO_PIC = NO;
				GCC_NO_COMMON_BLOCKS = YES;
				GCC_OPTIMIZATION_LEVEL = 0;
				GCC_PREPROCESSOR_DEFINITIONS = (
					"DEBUG=1",
					"$(inherited)",
				);
				GCC_WARN_64_TO_32_BIT_CONVERSION = YES;
				GCC_WARN_ABOUT_RETURN_TYPE = YES_ERROR;
				GCC_WARN_UNDECLARED_SELECTOR = YES;
				GCC_WARN_UNINITIALIZED_AUTOS = YES_AGGRESSIVE;
				GCC_WARN_UNUSED_FUNCTION = YES;
				GCC_WARN_UNUSED_VARIABLE = YES;
				IPHONEOS_DEPLOYMENT_TARGET = 11.2;
				MTL_ENABLE_DEBUG_INFO = YES;
				ONLY_ACTIVE_ARCH = YES;
				SDKROOT = iphoneos;
				SWIFT_ACTIVE_COMPILATION_CONDITIONS = DEBUG;
				SWIFT_OPTIMIZATION_LEVEL = "-Onone";
			};
			name = Debug;
		};
		D6EC7CA220188A200076291A /* Release */ = {
			isa = XCBuildConfiguration;
			buildSettings = {
				ALWAYS_SEARCH_USER_PATHS = NO;
				CLANG_ANALYZER_NONNULL = YES;
				CLANG_ANALYZER_NUMBER_OBJECT_CONVERSION = YES_AGGRESSIVE;
				CLANG_CXX_LANGUAGE_STANDARD = "gnu++14";
				CLANG_CXX_LIBRARY = "libc++";
				CLANG_ENABLE_MODULES = YES;
				CLANG_ENABLE_OBJC_ARC = YES;
				CLANG_WARN_BLOCK_CAPTURE_AUTORELEASING = YES;
				CLANG_WARN_BOOL_CONVERSION = YES;
				CLANG_WARN_COMMA = YES;
				CLANG_WARN_CONSTANT_CONVERSION = YES;
				CLANG_WARN_DIRECT_OBJC_ISA_USAGE = YES_ERROR;
				CLANG_WARN_DOCUMENTATION_COMMENTS = YES;
				CLANG_WARN_EMPTY_BODY = YES;
				CLANG_WARN_ENUM_CONVERSION = YES;
				CLANG_WARN_INFINITE_RECURSION = YES;
				CLANG_WARN_INT_CONVERSION = YES;
				CLANG_WARN_NON_LITERAL_NULL_CONVERSION = YES;
				CLANG_WARN_OBJC_LITERAL_CONVERSION = YES;
				CLANG_WARN_OBJC_ROOT_CLASS = YES_ERROR;
				CLANG_WARN_RANGE_LOOP_ANALYSIS = YES;
				CLANG_WARN_STRICT_PROTOTYPES = YES;
				CLANG_WARN_SUSPICIOUS_MOVE = YES;
				CLANG_WARN_UNGUARDED_AVAILABILITY = YES_AGGRESSIVE;
				CLANG_WARN_UNREACHABLE_CODE = YES;
				CLANG_WARN__DUPLICATE_METHOD_MATCH = YES;
				CODE_SIGN_IDENTITY = "iPhone Developer";
				COPY_PHASE_STRIP = NO;
				DEBUG_INFORMATION_FORMAT = "dwarf-with-dsym";
				ENABLE_NS_ASSERTIONS = NO;
				ENABLE_STRICT_OBJC_MSGSEND = YES;
				GCC_C_LANGUAGE_STANDARD = gnu11;
				GCC_NO_COMMON_BLOCKS = YES;
				GCC_WARN_64_TO_32_BIT_CONVERSION = YES;
				GCC_WARN_ABOUT_RETURN_TYPE = YES_ERROR;
				GCC_WARN_UNDECLARED_SELECTOR = YES;
				GCC_WARN_UNINITIALIZED_AUTOS = YES_AGGRESSIVE;
				GCC_WARN_UNUSED_FUNCTION = YES;
				GCC_WARN_UNUSED_VARIABLE = YES;
				IPHONEOS_DEPLOYMENT_TARGET = 11.2;
				MTL_ENABLE_DEBUG_INFO = NO;
				SDKROOT = iphoneos;
				SWIFT_OPTIMIZATION_LEVEL = "-Owholemodule";
				VALIDATE_PRODUCT = YES;
			};
			name = Release;
		};
		D6EC7CA420188A200076291A /* Debug */ = {
			isa = XCBuildConfiguration;
			baseConfigurationReference = B61700AA7E6D202CF4F1FD0A /* Pods-AdExample.debug.xcconfig */;
			buildSettings = {
				ASSETCATALOG_COMPILER_APPICON_NAME = AppIcon;
				CODE_SIGN_STYLE = Automatic;
				DEVELOPMENT_TEAM = PE92CL3XM5;
				INFOPLIST_FILE = AdExample/Info.plist;
				LD_RUNPATH_SEARCH_PATHS = "$(inherited) @executable_path/Frameworks";
				PRODUCT_BUNDLE_IDENTIFIER = com.melshwehy.AdExample;
				PRODUCT_NAME = "$(TARGET_NAME)";
				SWIFT_VERSION = 4.0;
				TARGETED_DEVICE_FAMILY = "1,2";
			};
			name = Debug;
		};
		D6EC7CA520188A200076291A /* Release */ = {
			isa = XCBuildConfiguration;
			baseConfigurationReference = 1376CE67659A799DB569F175 /* Pods-AdExample.release.xcconfig */;
			buildSettings = {
				ASSETCATALOG_COMPILER_APPICON_NAME = AppIcon;
				CODE_SIGN_STYLE = Automatic;
				DEVELOPMENT_TEAM = PE92CL3XM5;
				INFOPLIST_FILE = AdExample/Info.plist;
				LD_RUNPATH_SEARCH_PATHS = "$(inherited) @executable_path/Frameworks";
				PRODUCT_BUNDLE_IDENTIFIER = com.melshwehy.AdExample;
				PRODUCT_NAME = "$(TARGET_NAME)";
				SWIFT_VERSION = 4.0;
				TARGETED_DEVICE_FAMILY = "1,2";
			};
			name = Release;
		};
/* End XCBuildConfiguration section */

/* Begin XCConfigurationList section */
		D6EC7C8C20188A200076291A /* Build configuration list for PBXProject "AdExample" */ = {
			isa = XCConfigurationList;
			buildConfigurations = (
				D6EC7CA120188A200076291A /* Debug */,
				D6EC7CA220188A200076291A /* Release */,
			);
			defaultConfigurationIsVisible = 0;
			defaultConfigurationName = Release;
		};
		D6EC7CA320188A200076291A /* Build configuration list for PBXNativeTarget "AdExample" */ = {
			isa = XCConfigurationList;
			buildConfigurations = (
				D6EC7CA420188A200076291A /* Debug */,
				D6EC7CA520188A200076291A /* Release */,
			);
			defaultConfigurationIsVisible = 0;
			defaultConfigurationName = Release;
		};
/* End XCConfigurationList section */
	};
	rootObject = D6EC7C8920188A200076291A /* Project object */;
}
